{
  "version": 4,
  "terraform_version": "1.3.2",
  "serial": 21,
  "lineage": "d1cfea9f-a9d7-a012-7313-af679f72f9ce",
  "outputs": {},
  "resources": [
    {
      "mode": "managed",
      "type": "local_file",
      "name": "name1",
      "provider": "provider[\"registry.terraform.io/hashicorp/local\"]",
      "instances": [
        {
          "schema_version": 0,
          "attributes": {
            "content": "Teste Random String with implicit : ++$+gE(KaNak4ti=pGJi",
            "content_base64": null,
            "directory_permission": "0777",
            "file_permission": "0777",
            "filename": "implicit.txt",
            "id": "d55e0377647724726a67b445478bafcb466673b0",
            "sensitive_content": null,
            "source": null
          },
          "sensitive_attributes": [],
          "private": "bnVsbA==",
          "dependencies": [
            "random_string.name2"
          ]
        }
      ]
    },
    {
      "mode": "managed",
      "type": "random_string",
      "name": "name2",
      "provider": "provider[\"registry.terraform.io/hashicorp/random\"]",
      "instances": [
        {
          "schema_version": 2,
          "attributes": {
            "id": "++$+gE(KaNak4ti=pGJi",
            "keepers": null,
            "length": 20,
            "lower": true,
            "min_lower": 0,
            "min_numeric": 0,
            "min_special": 0,
            "min_upper": 0,
            "number": true,
            "numeric": true,
            "override_special": null,
            "result": "++$+gE(KaNak4ti=pGJi",
            "special": true,
            "upper": true
          },
          "sensitive_attributes": []
        }
      ]
    }
  ],
  "check_results": []
}
