{
  "version": 4,
  "terraform_version": "1.3.2",
  "serial": 8,
  "lineage": "781a149e-067d-9846-340e-707c2dd1b106",
  "outputs": {},
  "resources": [
    {
      "mode": "managed",
      "type": "local_sensitive_file",
      "name": "sample_res",
      "provider": "provider[\"registry.terraform.io/hashicorp/local\"]",
      "instances": [
        {
          "schema_version": 0,
          "attributes": {
            "content": "My first code whith args",
            "content_base64": null,
            "directory_permission": "0700",
            "file_permission": "0700",
            "filename": "sample_args.txt",
            "id": "c042e92b4f432f4c60118453619df09e1ba0a3c9",
            "source": null
          },
          "sensitive_attributes": [],
          "private": "bnVsbA=="
        }
      ]
    }
  ],
  "check_results": []
}
