{
  "version": 4,
  "terraform_version": "1.3.2",
  "serial": 3,
  "lineage": "b6b29ca5-7acd-cc7f-78a7-6e435068b534",
  "outputs": {
    "name": {
      "value": 58,
      "type": "number"
    }
  },
  "resources": [
    {
      "mode": "managed",
      "type": "random_integer",
      "name": "rint",
      "provider": "provider[\"registry.terraform.io/hashicorp/random\"]",
      "instances": [
        {
          "schema_version": 0,
          "attributes": {
            "id": "58",
            "keepers": null,
            "max": 70,
            "min": 50,
            "result": 58,
            "seed": null
          },
          "sensitive_attributes": []
        }
      ]
    }
  ],
  "check_results": []
}
