{
  "version": 4,
  "terraform_version": "1.3.2",
  "serial": 2,
  "lineage": "8f524acf-b265-cae4-3143-76d2329b0ba2",
  "outputs": {},
  "resources": [
    {
      "mode": "managed",
      "type": "local_file",
      "name": "sample_res",
      "provider": "provider[\"registry.terraform.io/hashicorp/local\"]",
      "instances": [
        {
          "schema_version": 0,
          "attributes": {
            "content": "This is cat",
            "content_base64": null,
            "directory_permission": "0777",
            "file_permission": "0777",
            "filename": "cat.txt",
            "id": "116e69d5d9b3c707f4afac84015eacb8cd566b41",
            "sensitive_content": null,
            "source": null
          },
          "sensitive_attributes": [],
          "private": "bnVsbA=="
        }
      ]
    }
  ],
  "check_results": []
}
